
Microsoft Visual Studio Solution File, Format Version 12.00
# Visual Studio 15
VisualStudioVersion = 15.0.27004.2009
MinimumVisualStudioVersion = 10.0.40219.1
Project("{FAE04EC0-301F-11D3-BF4B-00C04F79EFBC}") = "EstheticWeb", "EstheticWeb\EstheticWeb.csproj", "{03F6E8C8-6E3B-44A5-B954-A5FEED40CFB4}"
EndProject
Global
	GlobalSection(SolutionConfigurationPlatforms) = preSolution
		Debug|Any CPU = Debug|Any CPU
		Release|Any CPU = Release|Any CPU
	EndGlobalSection
	GlobalSection(ProjectConfigurationPlatforms) = postSolution
		{03F6E8C8-6E3B-44A5-B954-A5FEED40CFB4}.Debug|Any CPU.ActiveCfg = Debug|Any CPU
		{03F6E8C8-6E3B-44A5-B954-A5FEED40CFB4}.Debug|Any CPU.Build.0 = Debug|Any CPU
		{03F6E8C8-6E3B-44A5-B954-A5FEED40CFB4}.Release|Any CPU.ActiveCfg = Release|Any CPU
		{03F6E8C8-6E3B-44A5-B954-A5FEED40CFB4}.Release|Any CPU.Build.0 = Release|Any CPU
	EndGlobalSection
	GlobalSection(SolutionProperties) = preSolution
		HideSolutionNode = FALSE
	EndGlobalSection
	GlobalSection(ExtensibilityGlobals) = postSolution
		SolutionGuid = {1879B6AA-E89E-41E3-9F53-05E7101BBAD1}
	EndGlobalSection
EndGlobal
